
Microsoft Visual Studio Solution File, Format Version 12.00
# Visual Studio Version 17
VisualStudioVersion = 17.7.33711.374
MinimumVisualStudioVersion = 10.0.40219.1
Project("{9A19103F-16F7-4668-BE54-9A1E7A4F7556}") = "ECommerce.API", "ECommerce.API\ECommerce.API.csproj", "{9B8D612D-6B7A-4BE2-AEBB-FF5C1D4C9086}"
EndProject
Project("{2150E333-8FDC-42A3-9474-1A3956D46DE8}") = "src", "src", "{70DD684C-9556-46D6-9E40-B59329B4068B}"
EndProject
Project("{2150E333-8FDC-42A3-9474-1A3956D46DE8}") = "API", "API", "{B47A2FC2-6C03-4416-BBCF-9F94D0450E54}"
EndProject
Project("{2150E333-8FDC-42A3-9474-1A3956D46DE8}") = "Core", "Core", "{18FFC5D5-965E-4ED0-AE2C-FD6224A336E2}"
EndProject
Project("{2150E333-8FDC-42A3-9474-1A3956D46DE8}") = "Application", "Application", "{093029FC-2B96-4364-85CD-04FF69988EE1}"
EndProject
Project("{2150E333-8FDC-42A3-9474-1A3956D46DE8}") = "UI", "UI", "{CD47DD46-55F7-40EA-AB2C-F51E48A9BD17}"
EndProject
Project("{2150E333-8FDC-42A3-9474-1A3956D46DE8}") = "Domain", "Domain", "{D641EE70-3970-4D9F-B80F-C1EB18DEC1A9}"
EndProject
Project("{2150E333-8FDC-42A3-9474-1A3956D46DE8}") = "Infrastructure", "Infrastructure", "{44CFF9A5-CB31-4DC6-ACC5-255CCF1508DB}"
EndProject
Project("{9A19103F-16F7-4668-BE54-9A1E7A4F7556}") = "ECommerce.Domain", "ECommerce.Domain\ECommerce.Domain.csproj", "{4F5E7387-45BA-4EE9-AD8A-723ED9D1A82E}"
EndProject
Project("{9A19103F-16F7-4668-BE54-9A1E7A4F7556}") = "ECommerce.Application", "ECommerce.Application\ECommerce.Application.csproj", "{521B8D1B-0202-4571-8A14-71EEAF7CB5EE}"
EndProject
Project("{9A19103F-16F7-4668-BE54-9A1E7A4F7556}") = "ECommerce.Infrastructure", "ECommerce.Infrastructure\ECommerce.Infrastructure.csproj", "{01C7038A-62D9-463B-BA90-7755682CEEA6}"
EndProject
Project("{2150E333-8FDC-42A3-9474-1A3956D46DE8}") = "Services", "Services", "{610BF187-9F8A-4487-9C82-37758FBE1101}"
EndProject
Project("{9A19103F-16F7-4668-BE54-9A1E7A4F7556}") = "ECommerce.Services", "ECommerce.Services\ECommerce.Services.csproj", "{984386C2-1D6D-45D9-9F93-9A1352C84641}"
EndProject
Project("{2150E333-8FDC-42A3-9474-1A3956D46DE8}") = "Web", "Web", "{5621EFFE-7BCD-46E1-BC92-9D28EC1CABEB}"
EndProject
Project("{9A19103F-16F7-4668-BE54-9A1E7A4F7556}") = "ECommerce.Web", "ECommerce.Web\ECommerce.Web.csproj", "{33B7FF23-2907-40CD-B753-17C28D40D6DD}"
EndProject
Project("{FAE04EC0-301F-11D3-BF4B-00C04F79EFBC}") = "Components", "Components\Components.csproj", "{47A66B5C-BA02-422A-823D-E5BAF6B4D4B1}"
EndProject
Global
	GlobalSection(SolutionConfigurationPlatforms) = preSolution
		Debug|Any CPU = Debug|Any CPU
		Release|Any CPU = Release|Any CPU
	EndGlobalSection
	GlobalSection(ProjectConfigurationPlatforms) = postSolution
		{9B8D612D-6B7A-4BE2-AEBB-FF5C1D4C9086}.Debug|Any CPU.ActiveCfg = Debug|Any CPU
		{9B8D612D-6B7A-4BE2-AEBB-FF5C1D4C9086}.Debug|Any CPU.Build.0 = Debug|Any CPU
		{9B8D612D-6B7A-4BE2-AEBB-FF5C1D4C9086}.Release|Any CPU.ActiveCfg = Release|Any CPU
		{9B8D612D-6B7A-4BE2-AEBB-FF5C1D4C9086}.Release|Any CPU.Build.0 = Release|Any CPU
		{4F5E7387-45BA-4EE9-AD8A-723ED9D1A82E}.Debug|Any CPU.ActiveCfg = Debug|Any CPU
		{4F5E7387-45BA-4EE9-AD8A-723ED9D1A82E}.Debug|Any CPU.Build.0 = Debug|Any CPU
		{4F5E7387-45BA-4EE9-AD8A-723ED9D1A82E}.Release|Any CPU.ActiveCfg = Release|Any CPU
		{4F5E7387-45BA-4EE9-AD8A-723ED9D1A82E}.Release|Any CPU.Build.0 = Release|Any CPU
		{521B8D1B-0202-4571-8A14-71EEAF7CB5EE}.Debug|Any CPU.ActiveCfg = Debug|Any CPU
		{521B8D1B-0202-4571-8A14-71EEAF7CB5EE}.Debug|Any CPU.Build.0 = Debug|Any CPU
		{521B8D1B-0202-4571-8A14-71EEAF7CB5EE}.Release|Any CPU.ActiveCfg = Release|Any CPU
		{521B8D1B-0202-4571-8A14-71EEAF7CB5EE}.Release|Any CPU.Build.0 = Release|Any CPU
		{01C7038A-62D9-463B-BA90-7755682CEEA6}.Debug|Any CPU.ActiveCfg = Debug|Any CPU
		{01C7038A-62D9-463B-BA90-7755682CEEA6}.Debug|Any CPU.Build.0 = Debug|Any CPU
		{01C7038A-62D9-463B-BA90-7755682CEEA6}.Release|Any CPU.ActiveCfg = Release|Any CPU
		{01C7038A-62D9-463B-BA90-7755682CEEA6}.Release|Any CPU.Build.0 = Release|Any CPU
		{984386C2-1D6D-45D9-9F93-9A1352C84641}.Debug|Any CPU.ActiveCfg = Debug|Any CPU
		{984386C2-1D6D-45D9-9F93-9A1352C84641}.Debug|Any CPU.Build.0 = Debug|Any CPU
		{984386C2-1D6D-45D9-9F93-9A1352C84641}.Release|Any CPU.ActiveCfg = Release|Any CPU
		{984386C2-1D6D-45D9-9F93-9A1352C84641}.Release|Any CPU.Build.0 = Release|Any CPU
		{33B7FF23-2907-40CD-B753-17C28D40D6DD}.Debug|Any CPU.ActiveCfg = Debug|Any CPU
		{33B7FF23-2907-40CD-B753-17C28D40D6DD}.Debug|Any CPU.Build.0 = Debug|Any CPU
		{33B7FF23-2907-40CD-B753-17C28D40D6DD}.Release|Any CPU.ActiveCfg = Release|Any CPU
		{33B7FF23-2907-40CD-B753-17C28D40D6DD}.Release|Any CPU.Build.0 = Release|Any CPU
		{47A66B5C-BA02-422A-823D-E5BAF6B4D4B1}.Debug|Any CPU.ActiveCfg = Debug|Any CPU
		{47A66B5C-BA02-422A-823D-E5BAF6B4D4B1}.Debug|Any CPU.Build.0 = Debug|Any CPU
		{47A66B5C-BA02-422A-823D-E5BAF6B4D4B1}.Release|Any CPU.ActiveCfg = Release|Any CPU
		{47A66B5C-BA02-422A-823D-E5BAF6B4D4B1}.Release|Any CPU.Build.0 = Release|Any CPU
	EndGlobalSection
	GlobalSection(SolutionProperties) = preSolution
		HideSolutionNode = FALSE
	EndGlobalSection
	GlobalSection(NestedProjects) = preSolution
		{9B8D612D-6B7A-4BE2-AEBB-FF5C1D4C9086} = {B47A2FC2-6C03-4416-BBCF-9F94D0450E54}
		{B47A2FC2-6C03-4416-BBCF-9F94D0450E54} = {70DD684C-9556-46D6-9E40-B59329B4068B}
		{18FFC5D5-965E-4ED0-AE2C-FD6224A336E2} = {70DD684C-9556-46D6-9E40-B59329B4068B}
		{093029FC-2B96-4364-85CD-04FF69988EE1} = {70DD684C-9556-46D6-9E40-B59329B4068B}
		{CD47DD46-55F7-40EA-AB2C-F51E48A9BD17} = {70DD684C-9556-46D6-9E40-B59329B4068B}
		{D641EE70-3970-4D9F-B80F-C1EB18DEC1A9} = {18FFC5D5-965E-4ED0-AE2C-FD6224A336E2}
		{44CFF9A5-CB31-4DC6-ACC5-255CCF1508DB} = {18FFC5D5-965E-4ED0-AE2C-FD6224A336E2}
		{4F5E7387-45BA-4EE9-AD8A-723ED9D1A82E} = {D641EE70-3970-4D9F-B80F-C1EB18DEC1A9}
		{521B8D1B-0202-4571-8A14-71EEAF7CB5EE} = {093029FC-2B96-4364-85CD-04FF69988EE1}
		{01C7038A-62D9-463B-BA90-7755682CEEA6} = {44CFF9A5-CB31-4DC6-ACC5-255CCF1508DB}
		{610BF187-9F8A-4487-9C82-37758FBE1101} = {70DD684C-9556-46D6-9E40-B59329B4068B}
		{984386C2-1D6D-45D9-9F93-9A1352C84641} = {610BF187-9F8A-4487-9C82-37758FBE1101}
		{5621EFFE-7BCD-46E1-BC92-9D28EC1CABEB} = {CD47DD46-55F7-40EA-AB2C-F51E48A9BD17}
		{33B7FF23-2907-40CD-B753-17C28D40D6DD} = {5621EFFE-7BCD-46E1-BC92-9D28EC1CABEB}
		{47A66B5C-BA02-422A-823D-E5BAF6B4D4B1} = {5621EFFE-7BCD-46E1-BC92-9D28EC1CABEB}
	EndGlobalSection
	GlobalSection(ExtensibilityGlobals) = postSolution
		SolutionGuid = {21548DDB-5801-4023-8721-8F830FF88CD3}
	EndGlobalSection
EndGlobal
