
Microsoft Visual Studio Solution File, Format Version 12.00
# Visual Studio Version 17
VisualStudioVersion = 17.7.33711.374
MinimumVisualStudioVersion = 10.0.40219.1
Project("{9A19103F-16F7-4668-BE54-9A1E7A4F7556}") = "ECommerce.API", "ECommerce.API\ECommerce.API.csproj", "{9B8D612D-6B7A-4BE2-AEBB-FF5C1D4C9086}"
EndProject
Project("{2150E333-8FDC-42A3-9474-1A3956D46DE8}") = "src", "src", "{70DD684C-9556-46D6-9E40-B59329B4068B}"
EndProject
Project("{9A19103F-16F7-4668-BE54-9A1E7A4F7556}") = "ECommerce.Domain", "ECommerce.Domain\ECommerce.Domain.csproj", "{4F5E7387-45BA-4EE9-AD8A-723ED9D1A82E}"
EndProject
Project("{9A19103F-16F7-4668-BE54-9A1E7A4F7556}") = "ECommerce.Application", "ECommerce.Application\ECommerce.Application.csproj", "{521B8D1B-0202-4571-8A14-71EEAF7CB5EE}"
EndProject
Project("{9A19103F-16F7-4668-BE54-9A1E7A4F7556}") = "ECommerce.Infrastructure", "ECommerce.Infrastructure\ECommerce.Infrastructure.csproj", "{01C7038A-62D9-463B-BA90-7755682CEEA6}"
EndProject
Project("{9A19103F-16F7-4668-BE54-9A1E7A4F7556}") = "ECommerce.Services", "ECommerce.Services\ECommerce.Services.csproj", "{984386C2-1D6D-45D9-9F93-9A1352C84641}"
EndProject
Project("{9A19103F-16F7-4668-BE54-9A1E7A4F7556}") = "ECommerce.Models", "ECommerce.Models\ECommerce.Models.csproj", "{50E8C3AA-459E-4551-8D1E-5A9CC5CF1078}"
EndProject
Project("{9A19103F-16F7-4668-BE54-9A1E7A4F7556}") = "ECommerce.UI", "ECommerce.UI\ECommerce.UI.csproj", "{0CA8BC9E-1A76-49C8-8DAA-318A9F6DB4B8}"
EndProject
Project("{2150E333-8FDC-42A3-9474-1A3956D46DE8}") = "API", "API", "{6500C548-E185-4A9A-8195-BE1EB6FA4598}"
EndProject
Project("{2150E333-8FDC-42A3-9474-1A3956D46DE8}") = "Application", "Application", "{7B7FD22C-5AF3-4BAE-BD53-77664274CB0C}"
EndProject
Project("{2150E333-8FDC-42A3-9474-1A3956D46DE8}") = "Shared", "Shared", "{8DC3CE4D-EAD6-43C4-9A1E-822BDE21346D}"
EndProject
Project("{2150E333-8FDC-42A3-9474-1A3956D46DE8}") = "Core", "Core", "{AB284CD6-256F-40D7-8B09-D8CE8763356D}"
EndProject
Project("{2150E333-8FDC-42A3-9474-1A3956D46DE8}") = "Domain", "Domain", "{9182BF13-615D-450D-8990-B1714C241942}"
EndProject
Project("{2150E333-8FDC-42A3-9474-1A3956D46DE8}") = "Infrastructure", "Infrastructure", "{17F9F7F9-C038-460D-9BEE-73CF2B653581}"
EndProject
Project("{2150E333-8FDC-42A3-9474-1A3956D46DE8}") = "UI", "UI", "{E90D93E7-3D3C-4E06-9DDB-3F931F09E1E3}"
EndProject
Project("{2150E333-8FDC-42A3-9474-1A3956D46DE8}") = "Web", "Web", "{E36DD09D-2CF4-41B3-9814-CDBA2B5B5262}"
EndProject
Project("{2150E333-8FDC-42A3-9474-1A3956D46DE8}") = "MAUI", "MAUI", "{E10B0884-847C-4D03-82CD-B57291B13F22}"
EndProject
Project("{2150E333-8FDC-42A3-9474-1A3956D46DE8}") = "Components", "Components", "{73DAF14D-3C1D-4C14-AE16-51F84ECEBB83}"
EndProject
Global
	GlobalSection(SolutionConfigurationPlatforms) = preSolution
		Debug|Any CPU = Debug|Any CPU
		Release|Any CPU = Release|Any CPU
	EndGlobalSection
	GlobalSection(ProjectConfigurationPlatforms) = postSolution
		{9B8D612D-6B7A-4BE2-AEBB-FF5C1D4C9086}.Debug|Any CPU.ActiveCfg = Debug|Any CPU
		{9B8D612D-6B7A-4BE2-AEBB-FF5C1D4C9086}.Debug|Any CPU.Build.0 = Debug|Any CPU
		{9B8D612D-6B7A-4BE2-AEBB-FF5C1D4C9086}.Release|Any CPU.ActiveCfg = Release|Any CPU
		{9B8D612D-6B7A-4BE2-AEBB-FF5C1D4C9086}.Release|Any CPU.Build.0 = Release|Any CPU
		{4F5E7387-45BA-4EE9-AD8A-723ED9D1A82E}.Debug|Any CPU.ActiveCfg = Debug|Any CPU
		{4F5E7387-45BA-4EE9-AD8A-723ED9D1A82E}.Debug|Any CPU.Build.0 = Debug|Any CPU
		{4F5E7387-45BA-4EE9-AD8A-723ED9D1A82E}.Release|Any CPU.ActiveCfg = Release|Any CPU
		{4F5E7387-45BA-4EE9-AD8A-723ED9D1A82E}.Release|Any CPU.Build.0 = Release|Any CPU
		{521B8D1B-0202-4571-8A14-71EEAF7CB5EE}.Debug|Any CPU.ActiveCfg = Debug|Any CPU
		{521B8D1B-0202-4571-8A14-71EEAF7CB5EE}.Debug|Any CPU.Build.0 = Debug|Any CPU
		{521B8D1B-0202-4571-8A14-71EEAF7CB5EE}.Release|Any CPU.ActiveCfg = Release|Any CPU
		{521B8D1B-0202-4571-8A14-71EEAF7CB5EE}.Release|Any CPU.Build.0 = Release|Any CPU
		{01C7038A-62D9-463B-BA90-7755682CEEA6}.Debug|Any CPU.ActiveCfg = Debug|Any CPU
		{01C7038A-62D9-463B-BA90-7755682CEEA6}.Debug|Any CPU.Build.0 = Debug|Any CPU
		{01C7038A-62D9-463B-BA90-7755682CEEA6}.Release|Any CPU.ActiveCfg = Release|Any CPU
		{01C7038A-62D9-463B-BA90-7755682CEEA6}.Release|Any CPU.Build.0 = Release|Any CPU
		{984386C2-1D6D-45D9-9F93-9A1352C84641}.Debug|Any CPU.ActiveCfg = Debug|Any CPU
		{984386C2-1D6D-45D9-9F93-9A1352C84641}.Debug|Any CPU.Build.0 = Debug|Any CPU
		{984386C2-1D6D-45D9-9F93-9A1352C84641}.Release|Any CPU.ActiveCfg = Release|Any CPU
		{984386C2-1D6D-45D9-9F93-9A1352C84641}.Release|Any CPU.Build.0 = Release|Any CPU
		{50E8C3AA-459E-4551-8D1E-5A9CC5CF1078}.Debug|Any CPU.ActiveCfg = Debug|Any CPU
		{50E8C3AA-459E-4551-8D1E-5A9CC5CF1078}.Debug|Any CPU.Build.0 = Debug|Any CPU
		{50E8C3AA-459E-4551-8D1E-5A9CC5CF1078}.Release|Any CPU.ActiveCfg = Release|Any CPU
		{50E8C3AA-459E-4551-8D1E-5A9CC5CF1078}.Release|Any CPU.Build.0 = Release|Any CPU
		{0CA8BC9E-1A76-49C8-8DAA-318A9F6DB4B8}.Debug|Any CPU.ActiveCfg = Debug|Any CPU
		{0CA8BC9E-1A76-49C8-8DAA-318A9F6DB4B8}.Debug|Any CPU.Build.0 = Debug|Any CPU
		{0CA8BC9E-1A76-49C8-8DAA-318A9F6DB4B8}.Release|Any CPU.ActiveCfg = Release|Any CPU
		{0CA8BC9E-1A76-49C8-8DAA-318A9F6DB4B8}.Release|Any CPU.Build.0 = Release|Any CPU
	EndGlobalSection
	GlobalSection(SolutionProperties) = preSolution
		HideSolutionNode = FALSE
	EndGlobalSection
	GlobalSection(NestedProjects) = preSolution
		{9B8D612D-6B7A-4BE2-AEBB-FF5C1D4C9086} = {6500C548-E185-4A9A-8195-BE1EB6FA4598}
		{4F5E7387-45BA-4EE9-AD8A-723ED9D1A82E} = {9182BF13-615D-450D-8990-B1714C241942}
		{521B8D1B-0202-4571-8A14-71EEAF7CB5EE} = {7B7FD22C-5AF3-4BAE-BD53-77664274CB0C}
		{01C7038A-62D9-463B-BA90-7755682CEEA6} = {17F9F7F9-C038-460D-9BEE-73CF2B653581}
		{984386C2-1D6D-45D9-9F93-9A1352C84641} = {8DC3CE4D-EAD6-43C4-9A1E-822BDE21346D}
		{50E8C3AA-459E-4551-8D1E-5A9CC5CF1078} = {8DC3CE4D-EAD6-43C4-9A1E-822BDE21346D}
		{0CA8BC9E-1A76-49C8-8DAA-318A9F6DB4B8} = {E36DD09D-2CF4-41B3-9814-CDBA2B5B5262}
		{6500C548-E185-4A9A-8195-BE1EB6FA4598} = {70DD684C-9556-46D6-9E40-B59329B4068B}
		{7B7FD22C-5AF3-4BAE-BD53-77664274CB0C} = {70DD684C-9556-46D6-9E40-B59329B4068B}
		{8DC3CE4D-EAD6-43C4-9A1E-822BDE21346D} = {70DD684C-9556-46D6-9E40-B59329B4068B}
		{AB284CD6-256F-40D7-8B09-D8CE8763356D} = {70DD684C-9556-46D6-9E40-B59329B4068B}
		{9182BF13-615D-450D-8990-B1714C241942} = {AB284CD6-256F-40D7-8B09-D8CE8763356D}
		{17F9F7F9-C038-460D-9BEE-73CF2B653581} = {AB284CD6-256F-40D7-8B09-D8CE8763356D}
		{E90D93E7-3D3C-4E06-9DDB-3F931F09E1E3} = {70DD684C-9556-46D6-9E40-B59329B4068B}
		{E36DD09D-2CF4-41B3-9814-CDBA2B5B5262} = {E90D93E7-3D3C-4E06-9DDB-3F931F09E1E3}
		{E10B0884-847C-4D03-82CD-B57291B13F22} = {E90D93E7-3D3C-4E06-9DDB-3F931F09E1E3}
		{73DAF14D-3C1D-4C14-AE16-51F84ECEBB83} = {E90D93E7-3D3C-4E06-9DDB-3F931F09E1E3}
	EndGlobalSection
	GlobalSection(ExtensibilityGlobals) = postSolution
		SolutionGuid = {21548DDB-5801-4023-8721-8F830FF88CD3}
	EndGlobalSection
EndGlobal
