
Microsoft Visual Studio Solution File, Format Version 12.00
# Visual Studio Version 17
VisualStudioVersion = 17.7.33711.374
MinimumVisualStudioVersion = 10.0.40219.1
Project("{9A19103F-16F7-4668-BE54-9A1E7A4F7556}") = "ECommerce.API", "ECommerce.API\ECommerce.API.csproj", "{9B8D612D-6B7A-4BE2-AEBB-FF5C1D4C9086}"
EndProject
Project("{2150E333-8FDC-42A3-9474-1A3956D46DE8}") = "src", "src", "{70DD684C-9556-46D6-9E40-B59329B4068B}"
EndProject
Project("{2150E333-8FDC-42A3-9474-1A3956D46DE8}") = "test", "test", "{9EAFC998-1A7F-4699-A9B5-805FB4005C4B}"
EndProject
Project("{2150E333-8FDC-42A3-9474-1A3956D46DE8}") = "API", "API", "{B47A2FC2-6C03-4416-BBCF-9F94D0450E54}"
EndProject
Project("{2150E333-8FDC-42A3-9474-1A3956D46DE8}") = "Core", "Core", "{18FFC5D5-965E-4ED0-AE2C-FD6224A336E2}"
EndProject
Project("{2150E333-8FDC-42A3-9474-1A3956D46DE8}") = "Application", "Application", "{093029FC-2B96-4364-85CD-04FF69988EE1}"
EndProject
Project("{2150E333-8FDC-42A3-9474-1A3956D46DE8}") = "UI", "UI", "{CD47DD46-55F7-40EA-AB2C-F51E48A9BD17}"
EndProject
Project("{2150E333-8FDC-42A3-9474-1A3956D46DE8}") = "API.Test", "API.Test", "{00AA3980-A6C6-47CC-B34A-8EBE6726265F}"
EndProject
Project("{2150E333-8FDC-42A3-9474-1A3956D46DE8}") = "Application.Test", "Application.Test", "{ECCF7438-825A-48B7-BAC2-EC8A22180BB8}"
EndProject
Project("{2150E333-8FDC-42A3-9474-1A3956D46DE8}") = "Core.Test", "Core.Test", "{600F4EC3-3923-4CF9-9E7F-BBCD953C848C}"
EndProject
Project("{2150E333-8FDC-42A3-9474-1A3956D46DE8}") = "Domain", "Domain", "{D641EE70-3970-4D9F-B80F-C1EB18DEC1A9}"
EndProject
Project("{2150E333-8FDC-42A3-9474-1A3956D46DE8}") = "Infrastructure", "Infrastructure", "{44CFF9A5-CB31-4DC6-ACC5-255CCF1508DB}"
EndProject
Project("{2150E333-8FDC-42A3-9474-1A3956D46DE8}") = "Domain.Test", "Domain.Test", "{274193AE-95A9-4873-B584-08A55C444B19}"
EndProject
Project("{2150E333-8FDC-42A3-9474-1A3956D46DE8}") = "Infrastructure.Test", "Infrastructure.Test", "{478D2E82-7B99-4591-A047-E008B4000283}"
EndProject
Project("{2150E333-8FDC-42A3-9474-1A3956D46DE8}") = "Ui.Test", "Ui.Test", "{EF9EF14F-21FC-44E2-987F-1C527C153C87}"
EndProject
Project("{9A19103F-16F7-4668-BE54-9A1E7A4F7556}") = "ECommerce.Domain", "ECommerce.Domain\ECommerce.Domain.csproj", "{4F5E7387-45BA-4EE9-AD8A-723ED9D1A82E}"
EndProject
Project("{9A19103F-16F7-4668-BE54-9A1E7A4F7556}") = "ECommerce.Application", "ECommerce.Application\ECommerce.Application.csproj", "{521B8D1B-0202-4571-8A14-71EEAF7CB5EE}"
EndProject
Project("{9A19103F-16F7-4668-BE54-9A1E7A4F7556}") = "ECommerce.UI", "ECommerce.UI\ECommerce.UI.csproj", "{39197EF7-6FB1-447E-839C-888819549631}"
EndProject
Project("{9A19103F-16F7-4668-BE54-9A1E7A4F7556}") = "ECommerce.API.Test", "ECommerce.API.Test\ECommerce.API.Test.csproj", "{A9736399-B657-470A-BDC0-3459DDC0640A}"
EndProject
Project("{9A19103F-16F7-4668-BE54-9A1E7A4F7556}") = "ECommerce.Application.Test", "ECommerce.Application.Test\ECommerce.Application.Test.csproj", "{FA7AF258-F858-4E67-BCAC-F14C30CB3673}"
EndProject
Project("{9A19103F-16F7-4668-BE54-9A1E7A4F7556}") = "ECommerc.Domain.Test", "ECommerc.Domain.Test\ECommerc.Domain.Test.csproj", "{A38B52ED-F5A3-4C76-A4F6-D33F541DEE4E}"
EndProject
Project("{9A19103F-16F7-4668-BE54-9A1E7A4F7556}") = "ECommerce.Infrastructure.Test", "ECommerce.Infrastructure.Test\ECommerce.Infrastructure.Test.csproj", "{E8DB8F62-C852-49E8-885D-31E73C4040DC}"
EndProject
Project("{9A19103F-16F7-4668-BE54-9A1E7A4F7556}") = "ECommerce.UI.Test", "ECommerce.UI.Test\ECommerce.UI.Test.csproj", "{28AD251D-FCE5-4594-892A-B376BF5270A7}"
EndProject
Project("{FAE04EC0-301F-11D3-BF4B-00C04F79EFBC}") = "ECommerce.Infrastructure", "ECommerce.Infrastructure\ECommerce.Infrastructure.csproj", "{01C7038A-62D9-463B-BA90-7755682CEEA6}"
EndProject
Global
	GlobalSection(SolutionConfigurationPlatforms) = preSolution
		Debug|Any CPU = Debug|Any CPU
		Release|Any CPU = Release|Any CPU
	EndGlobalSection
	GlobalSection(ProjectConfigurationPlatforms) = postSolution
		{9B8D612D-6B7A-4BE2-AEBB-FF5C1D4C9086}.Debug|Any CPU.ActiveCfg = Debug|Any CPU
		{9B8D612D-6B7A-4BE2-AEBB-FF5C1D4C9086}.Debug|Any CPU.Build.0 = Debug|Any CPU
		{9B8D612D-6B7A-4BE2-AEBB-FF5C1D4C9086}.Release|Any CPU.ActiveCfg = Release|Any CPU
		{9B8D612D-6B7A-4BE2-AEBB-FF5C1D4C9086}.Release|Any CPU.Build.0 = Release|Any CPU
		{4F5E7387-45BA-4EE9-AD8A-723ED9D1A82E}.Debug|Any CPU.ActiveCfg = Debug|Any CPU
		{4F5E7387-45BA-4EE9-AD8A-723ED9D1A82E}.Debug|Any CPU.Build.0 = Debug|Any CPU
		{4F5E7387-45BA-4EE9-AD8A-723ED9D1A82E}.Release|Any CPU.ActiveCfg = Release|Any CPU
		{4F5E7387-45BA-4EE9-AD8A-723ED9D1A82E}.Release|Any CPU.Build.0 = Release|Any CPU
		{521B8D1B-0202-4571-8A14-71EEAF7CB5EE}.Debug|Any CPU.ActiveCfg = Debug|Any CPU
		{521B8D1B-0202-4571-8A14-71EEAF7CB5EE}.Debug|Any CPU.Build.0 = Debug|Any CPU
		{521B8D1B-0202-4571-8A14-71EEAF7CB5EE}.Release|Any CPU.ActiveCfg = Release|Any CPU
		{521B8D1B-0202-4571-8A14-71EEAF7CB5EE}.Release|Any CPU.Build.0 = Release|Any CPU
		{39197EF7-6FB1-447E-839C-888819549631}.Debug|Any CPU.ActiveCfg = Debug|Any CPU
		{39197EF7-6FB1-447E-839C-888819549631}.Debug|Any CPU.Build.0 = Debug|Any CPU
		{39197EF7-6FB1-447E-839C-888819549631}.Release|Any CPU.ActiveCfg = Release|Any CPU
		{39197EF7-6FB1-447E-839C-888819549631}.Release|Any CPU.Build.0 = Release|Any CPU
		{A9736399-B657-470A-BDC0-3459DDC0640A}.Debug|Any CPU.ActiveCfg = Debug|Any CPU
		{A9736399-B657-470A-BDC0-3459DDC0640A}.Debug|Any CPU.Build.0 = Debug|Any CPU
		{A9736399-B657-470A-BDC0-3459DDC0640A}.Release|Any CPU.ActiveCfg = Release|Any CPU
		{A9736399-B657-470A-BDC0-3459DDC0640A}.Release|Any CPU.Build.0 = Release|Any CPU
		{FA7AF258-F858-4E67-BCAC-F14C30CB3673}.Debug|Any CPU.ActiveCfg = Debug|Any CPU
		{FA7AF258-F858-4E67-BCAC-F14C30CB3673}.Debug|Any CPU.Build.0 = Debug|Any CPU
		{FA7AF258-F858-4E67-BCAC-F14C30CB3673}.Release|Any CPU.ActiveCfg = Release|Any CPU
		{FA7AF258-F858-4E67-BCAC-F14C30CB3673}.Release|Any CPU.Build.0 = Release|Any CPU
		{A38B52ED-F5A3-4C76-A4F6-D33F541DEE4E}.Debug|Any CPU.ActiveCfg = Debug|Any CPU
		{A38B52ED-F5A3-4C76-A4F6-D33F541DEE4E}.Debug|Any CPU.Build.0 = Debug|Any CPU
		{A38B52ED-F5A3-4C76-A4F6-D33F541DEE4E}.Release|Any CPU.ActiveCfg = Release|Any CPU
		{A38B52ED-F5A3-4C76-A4F6-D33F541DEE4E}.Release|Any CPU.Build.0 = Release|Any CPU
		{E8DB8F62-C852-49E8-885D-31E73C4040DC}.Debug|Any CPU.ActiveCfg = Debug|Any CPU
		{E8DB8F62-C852-49E8-885D-31E73C4040DC}.Debug|Any CPU.Build.0 = Debug|Any CPU
		{E8DB8F62-C852-49E8-885D-31E73C4040DC}.Release|Any CPU.ActiveCfg = Release|Any CPU
		{E8DB8F62-C852-49E8-885D-31E73C4040DC}.Release|Any CPU.Build.0 = Release|Any CPU
		{28AD251D-FCE5-4594-892A-B376BF5270A7}.Debug|Any CPU.ActiveCfg = Debug|Any CPU
		{28AD251D-FCE5-4594-892A-B376BF5270A7}.Debug|Any CPU.Build.0 = Debug|Any CPU
		{28AD251D-FCE5-4594-892A-B376BF5270A7}.Release|Any CPU.ActiveCfg = Release|Any CPU
		{28AD251D-FCE5-4594-892A-B376BF5270A7}.Release|Any CPU.Build.0 = Release|Any CPU
		{01C7038A-62D9-463B-BA90-7755682CEEA6}.Debug|Any CPU.ActiveCfg = Debug|Any CPU
		{01C7038A-62D9-463B-BA90-7755682CEEA6}.Debug|Any CPU.Build.0 = Debug|Any CPU
		{01C7038A-62D9-463B-BA90-7755682CEEA6}.Release|Any CPU.ActiveCfg = Release|Any CPU
		{01C7038A-62D9-463B-BA90-7755682CEEA6}.Release|Any CPU.Build.0 = Release|Any CPU
	EndGlobalSection
	GlobalSection(SolutionProperties) = preSolution
		HideSolutionNode = FALSE
	EndGlobalSection
	GlobalSection(NestedProjects) = preSolution
		{9B8D612D-6B7A-4BE2-AEBB-FF5C1D4C9086} = {B47A2FC2-6C03-4416-BBCF-9F94D0450E54}
		{B47A2FC2-6C03-4416-BBCF-9F94D0450E54} = {70DD684C-9556-46D6-9E40-B59329B4068B}
		{18FFC5D5-965E-4ED0-AE2C-FD6224A336E2} = {70DD684C-9556-46D6-9E40-B59329B4068B}
		{093029FC-2B96-4364-85CD-04FF69988EE1} = {70DD684C-9556-46D6-9E40-B59329B4068B}
		{CD47DD46-55F7-40EA-AB2C-F51E48A9BD17} = {70DD684C-9556-46D6-9E40-B59329B4068B}
		{00AA3980-A6C6-47CC-B34A-8EBE6726265F} = {9EAFC998-1A7F-4699-A9B5-805FB4005C4B}
		{ECCF7438-825A-48B7-BAC2-EC8A22180BB8} = {9EAFC998-1A7F-4699-A9B5-805FB4005C4B}
		{600F4EC3-3923-4CF9-9E7F-BBCD953C848C} = {9EAFC998-1A7F-4699-A9B5-805FB4005C4B}
		{D641EE70-3970-4D9F-B80F-C1EB18DEC1A9} = {18FFC5D5-965E-4ED0-AE2C-FD6224A336E2}
		{44CFF9A5-CB31-4DC6-ACC5-255CCF1508DB} = {18FFC5D5-965E-4ED0-AE2C-FD6224A336E2}
		{274193AE-95A9-4873-B584-08A55C444B19} = {600F4EC3-3923-4CF9-9E7F-BBCD953C848C}
		{478D2E82-7B99-4591-A047-E008B4000283} = {600F4EC3-3923-4CF9-9E7F-BBCD953C848C}
		{EF9EF14F-21FC-44E2-987F-1C527C153C87} = {9EAFC998-1A7F-4699-A9B5-805FB4005C4B}
		{4F5E7387-45BA-4EE9-AD8A-723ED9D1A82E} = {D641EE70-3970-4D9F-B80F-C1EB18DEC1A9}
		{521B8D1B-0202-4571-8A14-71EEAF7CB5EE} = {093029FC-2B96-4364-85CD-04FF69988EE1}
		{39197EF7-6FB1-447E-839C-888819549631} = {CD47DD46-55F7-40EA-AB2C-F51E48A9BD17}
		{A9736399-B657-470A-BDC0-3459DDC0640A} = {00AA3980-A6C6-47CC-B34A-8EBE6726265F}
		{FA7AF258-F858-4E67-BCAC-F14C30CB3673} = {ECCF7438-825A-48B7-BAC2-EC8A22180BB8}
		{A38B52ED-F5A3-4C76-A4F6-D33F541DEE4E} = {274193AE-95A9-4873-B584-08A55C444B19}
		{E8DB8F62-C852-49E8-885D-31E73C4040DC} = {478D2E82-7B99-4591-A047-E008B4000283}
		{28AD251D-FCE5-4594-892A-B376BF5270A7} = {EF9EF14F-21FC-44E2-987F-1C527C153C87}
		{01C7038A-62D9-463B-BA90-7755682CEEA6} = {44CFF9A5-CB31-4DC6-ACC5-255CCF1508DB}
	EndGlobalSection
	GlobalSection(ExtensibilityGlobals) = postSolution
		SolutionGuid = {21548DDB-5801-4023-8721-8F830FF88CD3}
	EndGlobalSection
EndGlobal
